
Microsoft Visual Studio Solution File, Format Version 12.00
# Visual Studio Version 16
VisualStudioVersion = 16.0.30320.27
MinimumVisualStudioVersion = 10.0.40219.1
Project("{FAE04EC0-301F-11D3-BF4B-00C04F79EFBC}") = "CommandParser-Alpha", "CommandParser-Alpha.csproj", "{F4844545-3C44-4758-8646-EA335C92EF22}"
EndProject
Global
	GlobalSection(SolutionConfigurationPlatforms) = preSolution
		Debug|Any CPU = Debug|Any CPU
		Release|Any CPU = Release|Any CPU
	EndGlobalSection
	GlobalSection(ProjectConfigurationPlatforms) = postSolution
		{F4844545-3C44-4758-8646-EA335C92EF22}.Debug|Any CPU.ActiveCfg = Debug|Any CPU
		{F4844545-3C44-4758-8646-EA335C92EF22}.Debug|Any CPU.Build.0 = Debug|Any CPU
		{F4844545-3C44-4758-8646-EA335C92EF22}.Release|Any CPU.ActiveCfg = Release|Any CPU
		{F4844545-3C44-4758-8646-EA335C92EF22}.Release|Any CPU.Build.0 = Release|Any CPU
	EndGlobalSection
	GlobalSection(SolutionProperties) = preSolution
		HideSolutionNode = FALSE
	EndGlobalSection
	GlobalSection(ExtensibilityGlobals) = postSolution
		SolutionGuid = {E6C5E11C-8B13-4DE0-822B-E9278BF937EA}
	EndGlobalSection
EndGlobal
